
Microsoft Visual Studio Solution File, Format Version 12.00
# Visual Studio Version 17
VisualStudioVersion = 17.1.32421.90
MinimumVisualStudioVersion = 10.0.40219.1
Project("{8BC9CEB8-8B4A-11D0-8D11-00A0C91BC942}") = "Action", "Action.vcxproj", "{5EB312FB-B0CC-4E15-B2D4-61A3D626A2DD}"
EndProject
Global
	GlobalSection(SolutionConfigurationPlatforms) = preSolution
		Debug|x64 = Debug|x64
		Debug|x86 = Debug|x86
		Release|x64 = Release|x64
		Release|x86 = Release|x86
	EndGlobalSection
	GlobalSection(ProjectConfigurationPlatforms) = postSolution
		{5EB312FB-B0CC-4E15-B2D4-61A3D626A2DD}.Debug|x64.ActiveCfg = Debug|x64
		{5EB312FB-B0CC-4E15-B2D4-61A3D626A2DD}.Debug|x64.Build.0 = Debug|x64
		{5EB312FB-B0CC-4E15-B2D4-61A3D626A2DD}.Debug|x86.ActiveCfg = Debug|Win32
		{5EB312FB-B0CC-4E15-B2D4-61A3D626A2DD}.Debug|x86.Build.0 = Debug|Win32
		{5EB312FB-B0CC-4E15-B2D4-61A3D626A2DD}.Release|x64.ActiveCfg = Release|x64
		{5EB312FB-B0CC-4E15-B2D4-61A3D626A2DD}.Release|x64.Build.0 = Release|x64
		{5EB312FB-B0CC-4E15-B2D4-61A3D626A2DD}.Release|x86.ActiveCfg = Release|Win32
		{5EB312FB-B0CC-4E15-B2D4-61A3D626A2DD}.Release|x86.Build.0 = Release|Win32
	EndGlobalSection
	GlobalSection(SolutionProperties) = preSolution
		HideSolutionNode = FALSE
	EndGlobalSection
	GlobalSection(ExtensibilityGlobals) = postSolution
		SolutionGuid = {C136E147-D39E-4483-9F83-497174C6EEDD}
	EndGlobalSection
EndGlobal
